
Microsoft Visual Studio Solution File, Format Version 12.00
# Visual Studio Version 16
VisualStudioVersion = 16.0.30621.155
MinimumVisualStudioVersion = 10.0.40219.1
Project("{FAE04EC0-301F-11D3-BF4B-00C04F79EFBC}") = "SignalR", "SignalR.csproj", "{E009F125-E25D-4549-A818-D0062FE72C93}"
EndProject
Project("{FAE04EC0-301F-11D3-BF4B-00C04F79EFBC}") = "Client1", "..\Client1\Client1.csproj", "{3F155230-BEEB-4D51-9E84-7CD44272FE86}"
EndProject
Global
	GlobalSection(SolutionConfigurationPlatforms) = preSolution
		Debug|Any CPU = Debug|Any CPU
		Release|Any CPU = Release|Any CPU
	EndGlobalSection
	GlobalSection(ProjectConfigurationPlatforms) = postSolution
		{E009F125-E25D-4549-A818-D0062FE72C93}.Debug|Any CPU.ActiveCfg = Debug|Any CPU
		{E009F125-E25D-4549-A818-D0062FE72C93}.Debug|Any CPU.Build.0 = Debug|Any CPU
		{E009F125-E25D-4549-A818-D0062FE72C93}.Release|Any CPU.ActiveCfg = Release|Any CPU
		{E009F125-E25D-4549-A818-D0062FE72C93}.Release|Any CPU.Build.0 = Release|Any CPU
		{3F155230-BEEB-4D51-9E84-7CD44272FE86}.Debug|Any CPU.ActiveCfg = Debug|Any CPU
		{3F155230-BEEB-4D51-9E84-7CD44272FE86}.Debug|Any CPU.Build.0 = Debug|Any CPU
		{3F155230-BEEB-4D51-9E84-7CD44272FE86}.Release|Any CPU.ActiveCfg = Release|Any CPU
		{3F155230-BEEB-4D51-9E84-7CD44272FE86}.Release|Any CPU.Build.0 = Release|Any CPU
	EndGlobalSection
	GlobalSection(SolutionProperties) = preSolution
		HideSolutionNode = FALSE
	EndGlobalSection
	GlobalSection(ExtensibilityGlobals) = postSolution
		SolutionGuid = {4B4BD6EF-C52E-45DE-A918-4A8A7719FE49}
	EndGlobalSection
EndGlobal
